
Microsoft Visual Studio Solution File, Format Version 12.00
# Visual Studio 15
VisualStudioVersion = 15.0.26124.0
MinimumVisualStudioVersion = 15.0.26124.0
Project("{9A19103F-16F7-4668-BE54-9A1E7A4F7556}") = "HealthTracker.Web", "src\HealthTracker.Web\HealthTracker.Web.csproj", "{FC515DB2-E296-4803-82F2-9DA1855CC4C7}"
EndProject
Project("{9A19103F-16F7-4668-BE54-9A1E7A4F7556}") = "HealthTracker.Domain", "src\HealthTracker.Domain\HealthTracker.Domain.csproj", "{8BFC7619-A8D6-42CA-95BD-94D34777530A}"
EndProject
Project("{9A19103F-16F7-4668-BE54-9A1E7A4F7556}") = "HealthTracker.NUnitTests", "src\HealthTracker.NUnitTests\HealthTracker.NUnitTests.csproj", "{C1591066-54D8-4BAC-A4E8-6A1CAEC30414}"
EndProject
Global
	GlobalSection(SolutionConfigurationPlatforms) = preSolution
		Debug|Any CPU = Debug|Any CPU
		Release|Any CPU = Release|Any CPU
	EndGlobalSection
	GlobalSection(ProjectConfigurationPlatforms) = postSolution
		{FC515DB2-E296-4803-82F2-9DA1855CC4C7}.Debug|Any CPU.ActiveCfg = Debug|Any CPU
		{FC515DB2-E296-4803-82F2-9DA1855CC4C7}.Debug|Any CPU.Build.0 = Debug|Any CPU
		{FC515DB2-E296-4803-82F2-9DA1855CC4C7}.Release|Any CPU.ActiveCfg = Release|Any CPU
		{FC515DB2-E296-4803-82F2-9DA1855CC4C7}.Release|Any CPU.Build.0 = Release|Any CPU
		{8BFC7619-A8D6-42CA-95BD-94D34777530A}.Debug|Any CPU.ActiveCfg = Debug|Any CPU
		{8BFC7619-A8D6-42CA-95BD-94D34777530A}.Debug|Any CPU.Build.0 = Debug|Any CPU
		{8BFC7619-A8D6-42CA-95BD-94D34777530A}.Release|Any CPU.ActiveCfg = Release|Any CPU
		{8BFC7619-A8D6-42CA-95BD-94D34777530A}.Release|Any CPU.Build.0 = Release|Any CPU
		{C1591066-54D8-4BAC-A4E8-6A1CAEC30414}.Debug|Any CPU.ActiveCfg = Debug|Any CPU
		{C1591066-54D8-4BAC-A4E8-6A1CAEC30414}.Debug|Any CPU.Build.0 = Debug|Any CPU
		{C1591066-54D8-4BAC-A4E8-6A1CAEC30414}.Release|Any CPU.ActiveCfg = Release|Any CPU
		{C1591066-54D8-4BAC-A4E8-6A1CAEC30414}.Release|Any CPU.Build.0 = Release|Any CPU
	EndGlobalSection
	GlobalSection(SolutionProperties) = preSolution
		HideSolutionNode = FALSE
	EndGlobalSection
	GlobalSection(ExtensibilityGlobals) = postSolution
		SolutionGuid = {DB60C5B6-D4D0-42FC-BC22-EED053135CE9}
	EndGlobalSection
EndGlobal
